// !$*UTF8*$!
{
	archiveVersion = 1;
	classes = {
	};
	objectVersion = 56;
	objects = {

/* Begin PBXBuildFile section */
		B63848132CF3DB2800542489 /* Main.storyboard in Resources */ = {isa = PBXBuildFile; fileRef = B63848122CF3DB2800542489 /* Main.storyboard */; };
		B63848152CF501FD00542489 /* ViewController.swift in Sources */ = {isa = PBXBuildFile; fileRef = B63848142CF501FD00542489 /* ViewController.swift */; };
		B64AB2902CF3C8E400940845 /* TextedCat.storyboard in Resources */ = {isa = PBXBuildFile; fileRef = B64AB28F2CF3C8E400940845 /* TextedCat.storyboard */; };
		B64AB2942CF3C93C00940845 /* TextedCatViewController.swift in Sources */ = {isa = PBXBuildFile; fileRef = B64AB2932CF3C93C00940845 /* TextedCatViewController.swift */; };
		B64AB2962CF3C96100940845 /* TabBar.storyboard in Resources */ = {isa = PBXBuildFile; fileRef = B64AB2952CF3C96100940845 /* TabBar.storyboard */; };
		B64AB2982CF3C97A00940845 /* FullScreenViewController.swift in Sources */ = {isa = PBXBuildFile; fileRef = B64AB2972CF3C97A00940845 /* FullScreenViewController.swift */; };
		B64AB29A2CF3C9A600940845 /* FullScreen.storyboard in Resources */ = {isa = PBXBuildFile; fileRef = B64AB2992CF3C9A600940845 /* FullScreen.storyboard */; };
		B64AB29C2CF3CE0800940845 /* CatViewController.swift in Sources */ = {isa = PBXBuildFile; fileRef = B64AB29B2CF3CE0800940845 /* CatViewController.swift */; };
		B64AB29F2CF3CE5A00940845 /* Cat.storyboard in Resources */ = {isa = PBXBuildFile; fileRef = B64AB29E2CF3CE5A00940845 /* Cat.storyboard */; };
		B64AB2A22CF3CF1400940845 /* LaunchScreen.storyboard in Resources */ = {isa = PBXBuildFile; fileRef = B64AB2A12CF3CF1400940845 /* LaunchScreen.storyboard */; };
		B6B860B82CF35C2D00E1084A /* AppDelegate.swift in Sources */ = {isa = PBXBuildFile; fileRef = B6B860B72CF35C2D00E1084A /* AppDelegate.swift */; };
		B6B860BA2CF35C2D00E1084A /* SceneDelegate.swift in Sources */ = {isa = PBXBuildFile; fileRef = B6B860B92CF35C2D00E1084A /* SceneDelegate.swift */; };
		B6B860CC2CF35CDB00E1084A /* Assets.xcassets in Resources */ = {isa = PBXBuildFile; fileRef = B6B860CB2CF35CDB00E1084A /* Assets.xcassets */; };
/* End PBXBuildFile section */

/* Begin PBXFileReference section */
		B63848122CF3DB2800542489 /* Main.storyboard */ = {isa = PBXFileReference; fileEncoding = 4; lastKnownFileType = file.storyboard; path = Main.storyboard; sourceTree = "<group>"; };
		B63848142CF501FD00542489 /* ViewController.swift */ = {isa = PBXFileReference; lastKnownFileType = sourcecode.swift; path = ViewController.swift; sourceTree = "<group>"; };
		B64AB28F2CF3C8E400940845 /* TextedCat.storyboard */ = {isa = PBXFileReference; fileEncoding = 4; lastKnownFileType = file.storyboard; path = TextedCat.storyboard; sourceTree = "<group>"; };
		B64AB2932CF3C93C00940845 /* TextedCatViewController.swift */ = {isa = PBXFileReference; lastKnownFileType = sourcecode.swift; path = TextedCatViewController.swift; sourceTree = "<group>"; };
		B64AB2952CF3C96100940845 /* TabBar.storyboard */ = {isa = PBXFileReference; fileEncoding = 4; lastKnownFileType = file.storyboard; path = TabBar.storyboard; sourceTree = "<group>"; };
		B64AB2972CF3C97A00940845 /* FullScreenViewController.swift */ = {isa = PBXFileReference; lastKnownFileType = sourcecode.swift; path = FullScreenViewController.swift; sourceTree = "<group>"; };
		B64AB2992CF3C9A600940845 /* FullScreen.storyboard */ = {isa = PBXFileReference; fileEncoding = 4; lastKnownFileType = file.storyboard; path = FullScreen.storyboard; sourceTree = "<group>"; };
		B64AB29B2CF3CE0800940845 /* CatViewController.swift */ = {isa = PBXFileReference; lastKnownFileType = sourcecode.swift; path = CatViewController.swift; sourceTree = "<group>"; };
		B64AB29E2CF3CE5A00940845 /* Cat.storyboard */ = {isa = PBXFileReference; fileEncoding = 4; lastKnownFileType = file.storyboard; path = Cat.storyboard; sourceTree = "<group>"; };
		B64AB2A12CF3CF1400940845 /* LaunchScreen.storyboard */ = {isa = PBXFileReference; fileEncoding = 4; lastKnownFileType = file.storyboard; path = LaunchScreen.storyboard; sourceTree = "<group>"; };
		B6B860B42CF35C2D00E1084A /* CatApp.app */ = {isa = PBXFileReference; explicitFileType = wrapper.application; includeInIndex = 0; path = CatApp.app; sourceTree = BUILT_PRODUCTS_DIR; };
		B6B860B72CF35C2D00E1084A /* AppDelegate.swift */ = {isa = PBXFileReference; lastKnownFileType = sourcecode.swift; path = AppDelegate.swift; sourceTree = "<group>"; };
		B6B860B92CF35C2D00E1084A /* SceneDelegate.swift */ = {isa = PBXFileReference; lastKnownFileType = sourcecode.swift; path = SceneDelegate.swift; sourceTree = "<group>"; };
		B6B860C52CF35C3000E1084A /* Info.plist */ = {isa = PBXFileReference; lastKnownFileType = text.plist.xml; path = Info.plist; sourceTree = "<group>"; };
		B6B860CB2CF35CDB00E1084A /* Assets.xcassets */ = {isa = PBXFileReference; lastKnownFileType = folder.assetcatalog; name = Assets.xcassets; path = ../../iostest/ConcerteApp/Assets.xcassets; sourceTree = "<group>"; };
/* End PBXFileReference section */

/* Begin PBXFrameworksBuildPhase section */
		B6B860B12CF35C2D00E1084A /* Frameworks */ = {
			isa = PBXFrameworksBuildPhase;
			buildActionMask = 2147483647;
			files = (
			);
			runOnlyForDeploymentPostprocessing = 0;
		};
/* End PBXFrameworksBuildPhase section */

/* Begin PBXGroup section */
		B64AB28A2CF3C87C00940845 /* Scene */ = {
			isa = PBXGroup;
			children = (
				B64AB28E2CF3C8BE00940845 /* TextedCat */,
				B64AB28D2CF3C8B100940845 /* Tapbar */,
				B64AB28C2CF3C8A400940845 /* FulScreen */,
				B64AB28B2CF3C89300940845 /* CatScene */,
			);
			path = Scene;
			sourceTree = "<group>";
		};
		B64AB28B2CF3C89300940845 /* CatScene */ = {
			isa = PBXGroup;
			children = (
				B64AB29B2CF3CE0800940845 /* CatViewController.swift */,
				B64AB29E2CF3CE5A00940845 /* Cat.storyboard */,
			);
			path = CatScene;
			sourceTree = "<group>";
		};
		B64AB28C2CF3C8A400940845 /* FulScreen */ = {
			isa = PBXGroup;
			children = (
				B64AB2992CF3C9A600940845 /* FullScreen.storyboard */,
				B64AB2972CF3C97A00940845 /* FullScreenViewController.swift */,
			);
			path = FulScreen;
			sourceTree = "<group>";
		};
		B64AB28D2CF3C8B100940845 /* Tapbar */ = {
			isa = PBXGroup;
			children = (
				B64AB2952CF3C96100940845 /* TabBar.storyboard */,
			);
			path = Tapbar;
			sourceTree = "<group>";
		};
		B64AB28E2CF3C8BE00940845 /* TextedCat */ = {
			isa = PBXGroup;
			children = (
				B64AB28F2CF3C8E400940845 /* TextedCat.storyboard */,
				B64AB2932CF3C93C00940845 /* TextedCatViewController.swift */,
			);
			path = TextedCat;
			sourceTree = "<group>";
		};
		B6B860AB2CF35C2D00E1084A = {
			isa = PBXGroup;
			children = (
				B6B860B62CF35C2D00E1084A /* CatApp */,
				B6B860B52CF35C2D00E1084A /* Products */,
			);
			sourceTree = "<group>";
		};
		B6B860B52CF35C2D00E1084A /* Products */ = {
			isa = PBXGroup;
			children = (
				B6B860B42CF35C2D00E1084A /* CatApp.app */,
			);
			name = Products;
			sourceTree = "<group>";
		};
		B6B860B62CF35C2D00E1084A /* CatApp */ = {
			isa = PBXGroup;
			children = (
				B64AB28A2CF3C87C00940845 /* Scene */,
				B6B860CB2CF35CDB00E1084A /* Assets.xcassets */,
				B6B860B72CF35C2D00E1084A /* AppDelegate.swift */,
				B6B860B92CF35C2D00E1084A /* SceneDelegate.swift */,
				B6B860C52CF35C3000E1084A /* Info.plist */,
				B63848122CF3DB2800542489 /* Main.storyboard */,
				B63848142CF501FD00542489 /* ViewController.swift */,
				B64AB2A12CF3CF1400940845 /* LaunchScreen.storyboard */,
			);
			path = CatApp;
			sourceTree = "<group>";
		};
/* End PBXGroup section */

/* Begin PBXNativeTarget section */
		B6B860B32CF35C2D00E1084A /* CatApp */ = {
			isa = PBXNativeTarget;
			buildConfigurationList = B6B860C82CF35C3000E1084A /* Build configuration list for PBXNativeTarget "CatApp" */;
			buildPhases = (
				B6B860B02CF35C2D00E1084A /* Sources */,
				B6B860B12CF35C2D00E1084A /* Frameworks */,
				B6B860B22CF35C2D00E1084A /* Resources */,
			);
			buildRules = (
			);
			dependencies = (
			);
			name = CatApp;
			productName = CatApp;
			productReference = B6B860B42CF35C2D00E1084A /* CatApp.app */;
			productType = "com.apple.product-type.application";
		};
/* End PBXNativeTarget section */

/* Begin PBXProject section */
		B6B860AC2CF35C2D00E1084A /* Project object */ = {
			isa = PBXProject;
			attributes = {
				BuildIndependentTargetsInParallel = 1;
				LastSwiftUpdateCheck = 1520;
				LastUpgradeCheck = 1520;
				TargetAttributes = {
					B6B860B32CF35C2D00E1084A = {
						CreatedOnToolsVersion = 15.2;
					};
				};
			};
			buildConfigurationList = B6B860AF2CF35C2D00E1084A /* Build configuration list for PBXProject "CatApp" */;
			compatibilityVersion = "Xcode 14.0";
			developmentRegion = en;
			hasScannedForEncodings = 0;
			knownRegions = (
				en,
				Base,
			);
			mainGroup = B6B860AB2CF35C2D00E1084A;
			productRefGroup = B6B860B52CF35C2D00E1084A /* Products */;
			projectDirPath = "";
			projectRoot = "";
			targets = (
				B6B860B32CF35C2D00E1084A /* CatApp */,
			);
		};
/* End PBXProject section */

/* Begin PBXResourcesBuildPhase section */
		B6B860B22CF35C2D00E1084A /* Resources */ = {
			isa = PBXResourcesBuildPhase;
			buildActionMask = 2147483647;
			files = (
				B64AB2962CF3C96100940845 /* TabBar.storyboard in Resources */,
				B64AB29F2CF3CE5A00940845 /* Cat.storyboard in Resources */,
				B64AB29A2CF3C9A600940845 /* FullScreen.storyboard in Resources */,
				B63848132CF3DB2800542489 /* Main.storyboard in Resources */,
				B6B860CC2CF35CDB00E1084A /* Assets.xcassets in Resources */,
				B64AB2A22CF3CF1400940845 /* LaunchScreen.storyboard in Resources */,
				B64AB2902CF3C8E400940845 /* TextedCat.storyboard in Resources */,
			);
			runOnlyForDeploymentPostprocessing = 0;
		};
/* End PBXResourcesBuildPhase section */

/* Begin PBXSourcesBuildPhase section */
		B6B860B02CF35C2D00E1084A /* Sources */ = {
			isa = PBXSourcesBuildPhase;
			buildActionMask = 2147483647;
			files = (
				B64AB29C2CF3CE0800940845 /* CatViewController.swift in Sources */,
				B64AB2982CF3C97A00940845 /* FullScreenViewController.swift in Sources */,
				B63848152CF501FD00542489 /* ViewController.swift in Sources */,
				B64AB2942CF3C93C00940845 /* TextedCatViewController.swift in Sources */,
				B6B860B82CF35C2D00E1084A /* AppDelegate.swift in Sources */,
				B6B860BA2CF35C2D00E1084A /* SceneDelegate.swift in Sources */,
			);
			runOnlyForDeploymentPostprocessing = 0;
		};
/* End PBXSourcesBuildPhase section */

/* Begin XCBuildConfiguration section */
		B6B860C62CF35C3000E1084A /* Debug */ = {
			isa = XCBuildConfiguration;
			buildSettings = {
				ALWAYS_SEARCH_USER_PATHS = NO;
				ASSETCATALOG_COMPILER_GENERATE_SWIFT_ASSET_SYMBOL_EXTENSIONS = YES;
				CLANG_ANALYZER_NONNULL = YES;
				CLANG_ANALYZER_NUMBER_OBJECT_CONVERSION = YES_AGGRESSIVE;
				CLANG_CXX_LANGUAGE_STANDARD = "gnu++20";
				CLANG_ENABLE_MODULES = YES;
				CLANG_ENABLE_OBJC_ARC = YES;
				CLANG_ENABLE_OBJC_WEAK = YES;
				CLANG_WARN_BLOCK_CAPTURE_AUTORELEASING = YES;
				CLANG_WARN_BOOL_CONVERSION = YES;
				CLANG_WARN_COMMA = YES;
				CLANG_WARN_CONSTANT_CONVERSION = YES;
				CLANG_WARN_DEPRECATED_OBJC_IMPLEMENTATIONS = YES;
				CLANG_WARN_DIRECT_OBJC_ISA_USAGE = YES_ERROR;
				CLANG_WARN_DOCUMENTATION_COMMENTS = YES;
				CLANG_WARN_EMPTY_BODY = YES;
				CLANG_WARN_ENUM_CONVERSION = YES;
				CLANG_WARN_INFINITE_RECURSION = YES;
				CLANG_WARN_INT_CONVERSION = YES;
				CLANG_WARN_NON_LITERAL_NULL_CONVERSION = YES;
				CLANG_WARN_OBJC_IMPLICIT_RETAIN_SELF = YES;
				CLANG_WARN_OBJC_LITERAL_CONVERSION = YES;
				CLANG_WARN_OBJC_ROOT_CLASS = YES_ERROR;
				CLANG_WARN_QUOTED_INCLUDE_IN_FRAMEWORK_HEADER = YES;
				CLANG_WARN_RANGE_LOOP_ANALYSIS = YES;
				CLANG_WARN_STRICT_PROTOTYPES = YES;
				CLANG_WARN_SUSPICIOUS_MOVE = YES;
				CLANG_WARN_UNGUARDED_AVAILABILITY = YES_AGGRESSIVE;
				CLANG_WARN_UNREACHABLE_CODE = YES;
				CLANG_WARN__DUPLICATE_METHOD_MATCH = YES;
				COPY_PHASE_STRIP = NO;
				DEBUG_INFORMATION_FORMAT = dwarf;
				ENABLE_STRICT_OBJC_MSGSEND = YES;
				ENABLE_TESTABILITY = YES;
				ENABLE_USER_SCRIPT_SANDBOXING = YES;
				GCC_C_LANGUAGE_STANDARD = gnu17;
				GCC_DYNAMIC_NO_PIC = NO;
				GCC_NO_COMMON_BLOCKS = YES;
				GCC_OPTIMIZATION_LEVEL = 0;
				GCC_PREPROCESSOR_DEFINITIONS = (
					"DEBUG=1",
					"$(inherited)",
				);
				GCC_WARN_64_TO_32_BIT_CONVERSION = YES;
				GCC_WARN_ABOUT_RETURN_TYPE = YES_ERROR;
				GCC_WARN_UNDECLARED_SELECTOR = YES;
				GCC_WARN_UNINITIALIZED_AUTOS = YES_AGGRESSIVE;
				GCC_WARN_UNUSED_FUNCTION = YES;
				GCC_WARN_UNUSED_VARIABLE = YES;
				IPHONEOS_DEPLOYMENT_TARGET = 17.2;
				LOCALIZATION_PREFERS_STRING_CATALOGS = YES;
				MTL_ENABLE_DEBUG_INFO = INCLUDE_SOURCE;
				MTL_FAST_MATH = YES;
				ONLY_ACTIVE_ARCH = YES;
				SDKROOT = iphoneos;
				SWIFT_ACTIVE_COMPILATION_CONDITIONS = "DEBUG $(inherited)";
				SWIFT_OPTIMIZATION_LEVEL = "-Onone";
			};
			name = Debug;
		};
		B6B860C72CF35C3000E1084A /* Release */ = {
			isa = XCBuildConfiguration;
			buildSettings = {
				ALWAYS_SEARCH_USER_PATHS = NO;
				ASSETCATALOG_COMPILER_GENERATE_SWIFT_ASSET_SYMBOL_EXTENSIONS = YES;
				CLANG_ANALYZER_NONNULL = YES;
				CLANG_ANALYZER_NUMBER_OBJECT_CONVERSION = YES_AGGRESSIVE;
				CLANG_CXX_LANGUAGE_STANDARD = "gnu++20";
				CLANG_ENABLE_MODULES = YES;
				CLANG_ENABLE_OBJC_ARC = YES;
				CLANG_ENABLE_OBJC_WEAK = YES;
				CLANG_WARN_BLOCK_CAPTURE_AUTORELEASING = YES;
				CLANG_WARN_BOOL_CONVERSION = YES;
				CLANG_WARN_COMMA = YES;
				CLANG_WARN_CONSTANT_CONVERSION = YES;
				CLANG_WARN_DEPRECATED_OBJC_IMPLEMENTATIONS = YES;
				CLANG_WARN_DIRECT_OBJC_ISA_USAGE = YES_ERROR;
				CLANG_WARN_DOCUMENTATION_COMMENTS = YES;
				CLANG_WARN_EMPTY_BODY = YES;
				CLANG_WARN_ENUM_CONVERSION = YES;
				CLANG_WARN_INFINITE_RECURSION = YES;
				CLANG_WARN_INT_CONVERSION = YES;
				CLANG_WARN_NON_LITERAL_NULL_CONVERSION = YES;
				CLANG_WARN_OBJC_IMPLICIT_RETAIN_SELF = YES;
				CLANG_WARN_OBJC_LITERAL_CONVERSION = YES;
				CLANG_WARN_OBJC_ROOT_CLASS = YES_ERROR;
				CLANG_WARN_QUOTED_INCLUDE_IN_FRAMEWORK_HEADER = YES;
				CLANG_WARN_RANGE_LOOP_ANALYSIS = YES;
				CLANG_WARN_STRICT_PROTOTYPES = YES;
				CLANG_WARN_SUSPICIOUS_MOVE = YES;
				CLANG_WARN_UNGUARDED_AVAILABILITY = YES_AGGRESSIVE;
				CLANG_WARN_UNREACHABLE_CODE = YES;
				CLANG_WARN__DUPLICATE_METHOD_MATCH = YES;
				COPY_PHASE_STRIP = NO;
				DEBUG_INFORMATION_FORMAT = "dwarf-with-dsym";
				ENABLE_NS_ASSERTIONS = NO;
				ENABLE_STRICT_OBJC_MSGSEND = YES;
				ENABLE_USER_SCRIPT_SANDBOXING = YES;
				GCC_C_LANGUAGE_STANDARD = gnu17;
				GCC_NO_COMMON_BLOCKS = YES;
				GCC_WARN_64_TO_32_BIT_CONVERSION = YES;
				GCC_WARN_ABOUT_RETURN_TYPE = YES_ERROR;
				GCC_WARN_UNDECLARED_SELECTOR = YES;
				GCC_WARN_UNINITIALIZED_AUTOS = YES_AGGRESSIVE;
				GCC_WARN_UNUSED_FUNCTION = YES;
				GCC_WARN_UNUSED_VARIABLE = YES;
				IPHONEOS_DEPLOYMENT_TARGET = 17.2;
				LOCALIZATION_PREFERS_STRING_CATALOGS = YES;
				MTL_ENABLE_DEBUG_INFO = NO;
				MTL_FAST_MATH = YES;
				SDKROOT = iphoneos;
				SWIFT_COMPILATION_MODE = wholemodule;
				VALIDATE_PRODUCT = YES;
			};
			name = Release;
		};
		B6B860C92CF35C3000E1084A /* Debug */ = {
			isa = XCBuildConfiguration;
			buildSettings = {
				ASSETCATALOG_COMPILER_APPICON_NAME = AppIcon;
				ASSETCATALOG_COMPILER_GLOBAL_ACCENT_COLOR_NAME = AccentColor;
				CODE_SIGN_STYLE = Automatic;
				CURRENT_PROJECT_VERSION = 1;
				DEVELOPMENT_TEAM = Z5B2XSCFWU;
				GENERATE_INFOPLIST_FILE = YES;
				INFOPLIST_FILE = CatApp/Info.plist;
				INFOPLIST_KEY_UIApplicationSupportsIndirectInputEvents = YES;
				INFOPLIST_KEY_UILaunchStoryboardName = LaunchScreen;
				INFOPLIST_KEY_UIMainStoryboardFile = Main;
				INFOPLIST_KEY_UISupportedInterfaceOrientations_iPad = "UIInterfaceOrientationPortrait UIInterfaceOrientationPortraitUpsideDown UIInterfaceOrientationLandscapeLeft UIInterfaceOrientationLandscapeRight";
				INFOPLIST_KEY_UISupportedInterfaceOrientations_iPhone = "UIInterfaceOrientationPortrait UIInterfaceOrientationLandscapeLeft UIInterfaceOrientationLandscapeRight";
				LD_RUNPATH_SEARCH_PATHS = (
					"$(inherited)",
					"@executable_path/Frameworks",
				);
				MARKETING_VERSION = 1.0;
				PRODUCT_BUNDLE_IDENTIFIER = iostetst.CatApp;
				PRODUCT_NAME = "$(TARGET_NAME)";
				SUPPORTED_PLATFORMS = "iphoneos iphonesimulator";
				SUPPORTS_MACCATALYST = NO;
				SUPPORTS_MAC_DESIGNED_FOR_IPHONE_IPAD = NO;
				SUPPORTS_XR_DESIGNED_FOR_IPHONE_IPAD = NO;
				SWIFT_EMIT_LOC_STRINGS = YES;
				SWIFT_VERSION = 5.0;
				TARGETED_DEVICE_FAMILY = 1;
			};
			name = Debug;
		};
		B6B860CA2CF35C3000E1084A /* Release */ = {
			isa = XCBuildConfiguration;
			buildSettings = {
				ASSETCATALOG_COMPILER_APPICON_NAME = AppIcon;
				ASSETCATALOG_COMPILER_GLOBAL_ACCENT_COLOR_NAME = AccentColor;
				CODE_SIGN_STYLE = Automatic;
				CURRENT_PROJECT_VERSION = 1;
				DEVELOPMENT_TEAM = Z5B2XSCFWU;
				GENERATE_INFOPLIST_FILE = YES;
				INFOPLIST_FILE = CatApp/Info.plist;
				INFOPLIST_KEY_UIApplicationSupportsIndirectInputEvents = YES;
				INFOPLIST_KEY_UILaunchStoryboardName = LaunchScreen;
				INFOPLIST_KEY_UIMainStoryboardFile = Main;
				INFOPLIST_KEY_UISupportedInterfaceOrientations_iPad = "UIInterfaceOrientationPortrait UIInterfaceOrientationPortraitUpsideDown UIInterfaceOrientationLandscapeLeft UIInterfaceOrientationLandscapeRight";
				INFOPLIST_KEY_UISupportedInterfaceOrientations_iPhone = "UIInterfaceOrientationPortrait UIInterfaceOrientationLandscapeLeft UIInterfaceOrientationLandscapeRight";
				LD_RUNPATH_SEARCH_PATHS = (
					"$(inherited)",
					"@executable_path/Frameworks",
				);
				MARKETING_VERSION = 1.0;
				PRODUCT_BUNDLE_IDENTIFIER = iostetst.CatApp;
				PRODUCT_NAME = "$(TARGET_NAME)";
				SUPPORTED_PLATFORMS = "iphoneos iphonesimulator";
				SUPPORTS_MACCATALYST = NO;
				SUPPORTS_MAC_DESIGNED_FOR_IPHONE_IPAD = NO;
				SUPPORTS_XR_DESIGNED_FOR_IPHONE_IPAD = NO;
				SWIFT_EMIT_LOC_STRINGS = YES;
				SWIFT_VERSION = 5.0;
				TARGETED_DEVICE_FAMILY = 1;
			};
			name = Release;
		};
/* End XCBuildConfiguration section */

/* Begin XCConfigurationList section */
		B6B860AF2CF35C2D00E1084A /* Build configuration list for PBXProject "CatApp" */ = {
			isa = XCConfigurationList;
			buildConfigurations = (
				B6B860C62CF35C3000E1084A /* Debug */,
				B6B860C72CF35C3000E1084A /* Release */,
			);
			defaultConfigurationIsVisible = 0;
			defaultConfigurationName = Release;
		};
		B6B860C82CF35C3000E1084A /* Build configuration list for PBXNativeTarget "CatApp" */ = {
			isa = XCConfigurationList;
			buildConfigurations = (
				B6B860C92CF35C3000E1084A /* Debug */,
				B6B860CA2CF35C3000E1084A /* Release */,
			);
			defaultConfigurationIsVisible = 0;
			defaultConfigurationName = Release;
		};
/* End XCConfigurationList section */
	};
	rootObject = B6B860AC2CF35C2D00E1084A /* Project object */;
}
